// !$*UTF8*$!
{
	archiveVersion = 1;
	classes = {
	};
	objectVersion = 56;
	objects = {

/* Begin PBXBuildFile section */
		F028AA5E2C43DDFE0036D2D8 /* PlanNotificationView.swift in Sources */ = {isa = PBXBuildFile; fileRef = F028AA5D2C43DDFE0036D2D8 /* PlanNotificationView.swift */; };
		F0440A5B2D665A500002B174 /* Mission-Prospector-Info.plist in Resources */ = {isa = PBXBuildFile; fileRef = F0440A5A2D665A500002B174 /* Mission-Prospector-Info.plist */; };
		F0B539982C3C7EAC00BF043E /* SheetContacts.swift in Sources */ = {isa = PBXBuildFile; fileRef = F0B539972C3C7EAC00BF043E /* SheetContacts.swift */; };
		F0BF67992C2A01AE00F8A376 /* Mission_ProspectorApp.swift in Sources */ = {isa = PBXBuildFile; fileRef = F0BF67982C2A01AE00F8A376 /* Mission_ProspectorApp.swift */; };
		F0BF679D2C2A01B000F8A376 /* Assets.xcassets in Resources */ = {isa = PBXBuildFile; fileRef = F0BF679C2C2A01B000F8A376 /* Assets.xcassets */; };
		F0BF67A02C2A01B000F8A376 /* Preview Assets.xcassets in Resources */ = {isa = PBXBuildFile; fileRef = F0BF679F2C2A01B000F8A376 /* Preview Assets.xcassets */; };
		F0BF67A72C2A01E100F8A376 /* Home.swift in Sources */ = {isa = PBXBuildFile; fileRef = F0BF67A62C2A01E100F8A376 /* Home.swift */; };
		F0BF67A92C2A020300F8A376 /* DataController.swift in Sources */ = {isa = PBXBuildFile; fileRef = F0BF67A82C2A020300F8A376 /* DataController.swift */; };
		F0BF67AC2C2A03E000F8A376 /* Society.xcdatamodeld in Sources */ = {isa = PBXBuildFile; fileRef = F0BF67AA2C2A03E000F8A376 /* Society.xcdatamodeld */; };
		F0BF67AE2C2A070600F8A376 /* DetailView.swift in Sources */ = {isa = PBXBuildFile; fileRef = F0BF67AD2C2A070600F8A376 /* DetailView.swift */; };
		F0BF67B02C2A0D7C00F8A376 /* AddSocietyView.swift in Sources */ = {isa = PBXBuildFile; fileRef = F0BF67AF2C2A0D7C00F8A376 /* AddSocietyView.swift */; };
		F0BF67B52C2AA96400F8A376 /* Localizable.strings in Resources */ = {isa = PBXBuildFile; fileRef = F0BF67B32C2AA96400F8A376 /* Localizable.strings */; };
		F0BF67D22C2B394C00F8A376 /* ModifyNotesInDetailView.swift in Sources */ = {isa = PBXBuildFile; fileRef = F0BF67D12C2B394C00F8A376 /* ModifyNotesInDetailView.swift */; };
		F0BF67D42C2B4E0700F8A376 /* NotesOrigin.swift in Sources */ = {isa = PBXBuildFile; fileRef = F0BF67D32C2B4E0700F8A376 /* NotesOrigin.swift */; };
/* End PBXBuildFile section */

/* Begin PBXFileReference section */
		F028AA5D2C43DDFE0036D2D8 /* PlanNotificationView.swift */ = {isa = PBXFileReference; lastKnownFileType = sourcecode.swift; path = PlanNotificationView.swift; sourceTree = "<group>"; };
		F0440A5A2D665A500002B174 /* Mission-Prospector-Info.plist */ = {isa = PBXFileReference; lastKnownFileType = text.plist.xml; path = "Mission-Prospector-Info.plist"; sourceTree = "<group>"; };
		F0440A5D2D665C260002B174 /* Mission Prospector.entitlements */ = {isa = PBXFileReference; lastKnownFileType = text.plist.entitlements; path = "Mission Prospector.entitlements"; sourceTree = "<group>"; };
		F0B539972C3C7EAC00BF043E /* SheetContacts.swift */ = {isa = PBXFileReference; lastKnownFileType = sourcecode.swift; path = SheetContacts.swift; sourceTree = "<group>"; };
		F0BF67952C2A01AE00F8A376 /* Mission Prospector.app */ = {isa = PBXFileReference; explicitFileType = wrapper.application; includeInIndex = 0; path = "Mission Prospector.app"; sourceTree = BUILT_PRODUCTS_DIR; };
		F0BF67982C2A01AE00F8A376 /* Mission_ProspectorApp.swift */ = {isa = PBXFileReference; lastKnownFileType = sourcecode.swift; path = Mission_ProspectorApp.swift; sourceTree = "<group>"; };
		F0BF679C2C2A01B000F8A376 /* Assets.xcassets */ = {isa = PBXFileReference; lastKnownFileType = folder.assetcatalog; path = Assets.xcassets; sourceTree = "<group>"; };
		F0BF679F2C2A01B000F8A376 /* Preview Assets.xcassets */ = {isa = PBXFileReference; lastKnownFileType = folder.assetcatalog; path = "Preview Assets.xcassets"; sourceTree = "<group>"; };
		F0BF67A62C2A01E100F8A376 /* Home.swift */ = {isa = PBXFileReference; lastKnownFileType = sourcecode.swift; path = Home.swift; sourceTree = "<group>"; };
		F0BF67A82C2A020300F8A376 /* DataController.swift */ = {isa = PBXFileReference; lastKnownFileType = sourcecode.swift; path = DataController.swift; sourceTree = "<group>"; };
		F0BF67AB2C2A03E000F8A376 /* Society.xcdatamodel */ = {isa = PBXFileReference; lastKnownFileType = wrapper.xcdatamodel; path = Society.xcdatamodel; sourceTree = "<group>"; };
		F0BF67AD2C2A070600F8A376 /* DetailView.swift */ = {isa = PBXFileReference; lastKnownFileType = sourcecode.swift; path = DetailView.swift; sourceTree = "<group>"; };
		F0BF67AF2C2A0D7C00F8A376 /* AddSocietyView.swift */ = {isa = PBXFileReference; lastKnownFileType = sourcecode.swift; path = AddSocietyView.swift; sourceTree = "<group>"; };
		F0BF67B42C2AA96400F8A376 /* en */ = {isa = PBXFileReference; lastKnownFileType = text.plist.strings; name = en; path = en.lproj/Localizable.strings; sourceTree = "<group>"; };
		F0BF67B62C2AA97700F8A376 /* fr */ = {isa = PBXFileReference; lastKnownFileType = text.plist.strings; name = fr; path = fr.lproj/Localizable.strings; sourceTree = "<group>"; };
		F0BF67D12C2B394C00F8A376 /* ModifyNotesInDetailView.swift */ = {isa = PBXFileReference; lastKnownFileType = sourcecode.swift; path = ModifyNotesInDetailView.swift; sourceTree = "<group>"; };
		F0BF67D32C2B4E0700F8A376 /* NotesOrigin.swift */ = {isa = PBXFileReference; lastKnownFileType = sourcecode.swift; path = NotesOrigin.swift; sourceTree = "<group>"; };
/* End PBXFileReference section */

/* Begin PBXFrameworksBuildPhase section */
		F0BF67922C2A01AE00F8A376 /* Frameworks */ = {
			isa = PBXFrameworksBuildPhase;
			buildActionMask = 2147483647;
			files = (
			);
			runOnlyForDeploymentPostprocessing = 0;
		};
/* End PBXFrameworksBuildPhase section */

/* Begin PBXGroup section */
		F0BF678C2C2A01AE00F8A376 = {
			isa = PBXGroup;
			children = (
				F0BF67972C2A01AE00F8A376 /* Mission Prospector */,
				F0BF67962C2A01AE00F8A376 /* Products */,
			);
			sourceTree = "<group>";
		};
		F0BF67962C2A01AE00F8A376 /* Products */ = {
			isa = PBXGroup;
			children = (
				F0BF67952C2A01AE00F8A376 /* Mission Prospector.app */,
			);
			name = Products;
			sourceTree = "<group>";
		};
		F0BF67972C2A01AE00F8A376 /* Mission Prospector */ = {
			isa = PBXGroup;
			children = (
				F0440A5A2D665A500002B174 /* Mission-Prospector-Info.plist */,
				F0440A5D2D665C260002B174 /* Mission Prospector.entitlements */,
				F0BF67982C2A01AE00F8A376 /* Mission_ProspectorApp.swift */,
				F0BF67A62C2A01E100F8A376 /* Home.swift */,
				F0BF67A82C2A020300F8A376 /* DataController.swift */,
				F0BF67AD2C2A070600F8A376 /* DetailView.swift */,
				F028AA5D2C43DDFE0036D2D8 /* PlanNotificationView.swift */,
				F0BF67D12C2B394C00F8A376 /* ModifyNotesInDetailView.swift */,
				F0B539972C3C7EAC00BF043E /* SheetContacts.swift */,
				F0BF67AF2C2A0D7C00F8A376 /* AddSocietyView.swift */,
				F0BF67D32C2B4E0700F8A376 /* NotesOrigin.swift */,
				F0BF67B32C2AA96400F8A376 /* Localizable.strings */,
				F0BF67AA2C2A03E000F8A376 /* Society.xcdatamodeld */,
				F0BF679C2C2A01B000F8A376 /* Assets.xcassets */,
				F0BF679E2C2A01B000F8A376 /* Preview Content */,
			);
			path = "Mission Prospector";
			sourceTree = "<group>";
		};
		F0BF679E2C2A01B000F8A376 /* Preview Content */ = {
			isa = PBXGroup;
			children = (
				F0BF679F2C2A01B000F8A376 /* Preview Assets.xcassets */,
			);
			path = "Preview Content";
			sourceTree = "<group>";
		};
/* End PBXGroup section */

/* Begin PBXNativeTarget section */
		F0BF67942C2A01AE00F8A376 /* Mission Prospector */ = {
			isa = PBXNativeTarget;
			buildConfigurationList = F0BF67A32C2A01B000F8A376 /* Build configuration list for PBXNativeTarget "Mission Prospector" */;
			buildPhases = (
				F0BF67912C2A01AE00F8A376 /* Sources */,
				F0BF67922C2A01AE00F8A376 /* Frameworks */,
				F0BF67932C2A01AE00F8A376 /* Resources */,
			);
			buildRules = (
			);
			dependencies = (
			);
			name = "Mission Prospector";
			productName = "Mission Prospector";
			productReference = F0BF67952C2A01AE00F8A376 /* Mission Prospector.app */;
			productType = "com.apple.product-type.application";
		};
/* End PBXNativeTarget section */

/* Begin PBXProject section */
		F0BF678D2C2A01AE00F8A376 /* Project object */ = {
			isa = PBXProject;
			attributes = {
				BuildIndependentTargetsInParallel = 1;
				LastSwiftUpdateCheck = 1540;
				LastUpgradeCheck = 1540;
				TargetAttributes = {
					F0BF67942C2A01AE00F8A376 = {
						CreatedOnToolsVersion = 15.4;
					};
				};
			};
			buildConfigurationList = F0BF67902C2A01AE00F8A376 /* Build configuration list for PBXProject "Mission Prospector" */;
			compatibilityVersion = "Xcode 14.0";
			developmentRegion = fr;
			hasScannedForEncodings = 0;
			knownRegions = (
				en,
				Base,
				fr,
			);
			mainGroup = F0BF678C2C2A01AE00F8A376;
			productRefGroup = F0BF67962C2A01AE00F8A376 /* Products */;
			projectDirPath = "";
			projectRoot = "";
			targets = (
				F0BF67942C2A01AE00F8A376 /* Mission Prospector */,
			);
		};
/* End PBXProject section */

/* Begin PBXResourcesBuildPhase section */
		F0BF67932C2A01AE00F8A376 /* Resources */ = {
			isa = PBXResourcesBuildPhase;
			buildActionMask = 2147483647;
			files = (
				F0440A5B2D665A500002B174 /* Mission-Prospector-Info.plist in Resources */,
				F0BF67A02C2A01B000F8A376 /* Preview Assets.xcassets in Resources */,
				F0BF67B52C2AA96400F8A376 /* Localizable.strings in Resources */,
				F0BF679D2C2A01B000F8A376 /* Assets.xcassets in Resources */,
			);
			runOnlyForDeploymentPostprocessing = 0;
		};
/* End PBXResourcesBuildPhase section */

/* Begin PBXSourcesBuildPhase section */
		F0BF67912C2A01AE00F8A376 /* Sources */ = {
			isa = PBXSourcesBuildPhase;
			buildActionMask = 2147483647;
			files = (
				F0B539982C3C7EAC00BF043E /* SheetContacts.swift in Sources */,
				F0BF67AC2C2A03E000F8A376 /* Society.xcdatamodeld in Sources */,
				F0BF67B02C2A0D7C00F8A376 /* AddSocietyView.swift in Sources */,
				F0BF67A72C2A01E100F8A376 /* Home.swift in Sources */,
				F0BF67A92C2A020300F8A376 /* DataController.swift in Sources */,
				F0BF67AE2C2A070600F8A376 /* DetailView.swift in Sources */,
				F0BF67992C2A01AE00F8A376 /* Mission_ProspectorApp.swift in Sources */,
				F0BF67D22C2B394C00F8A376 /* ModifyNotesInDetailView.swift in Sources */,
				F028AA5E2C43DDFE0036D2D8 /* PlanNotificationView.swift in Sources */,
				F0BF67D42C2B4E0700F8A376 /* NotesOrigin.swift in Sources */,
			);
			runOnlyForDeploymentPostprocessing = 0;
		};
/* End PBXSourcesBuildPhase section */

/* Begin PBXVariantGroup section */
		F0BF67B32C2AA96400F8A376 /* Localizable.strings */ = {
			isa = PBXVariantGroup;
			children = (
				F0BF67B42C2AA96400F8A376 /* en */,
				F0BF67B62C2AA97700F8A376 /* fr */,
			);
			name = Localizable.strings;
			sourceTree = "<group>";
		};
/* End PBXVariantGroup section */

/* Begin XCBuildConfiguration section */
		F0BF67A12C2A01B000F8A376 /* Debug */ = {
			isa = XCBuildConfiguration;
			buildSettings = {
				ALWAYS_SEARCH_USER_PATHS = NO;
				ASSETCATALOG_COMPILER_GENERATE_SWIFT_ASSET_SYMBOL_EXTENSIONS = YES;
				CLANG_ANALYZER_LOCALIZABILITY_NONLOCALIZED = YES;
				CLANG_ANALYZER_NONNULL = YES;
				CLANG_ANALYZER_NUMBER_OBJECT_CONVERSION = YES_AGGRESSIVE;
				CLANG_CXX_LANGUAGE_STANDARD = "gnu++20";
				CLANG_ENABLE_MODULES = YES;
				CLANG_ENABLE_OBJC_ARC = YES;
				CLANG_ENABLE_OBJC_WEAK = YES;
				CLANG_WARN_BLOCK_CAPTURE_AUTORELEASING = YES;
				CLANG_WARN_BOOL_CONVERSION = YES;
				CLANG_WARN_COMMA = YES;
				CLANG_WARN_CONSTANT_CONVERSION = YES;
				CLANG_WARN_DEPRECATED_OBJC_IMPLEMENTATIONS = YES;
				CLANG_WARN_DIRECT_OBJC_ISA_USAGE = YES_ERROR;
				CLANG_WARN_DOCUMENTATION_COMMENTS = YES;
				CLANG_WARN_EMPTY_BODY = YES;
				CLANG_WARN_ENUM_CONVERSION = YES;
				CLANG_WARN_INFINITE_RECURSION = YES;
				CLANG_WARN_INT_CONVERSION = YES;
				CLANG_WARN_NON_LITERAL_NULL_CONVERSION = YES;
				CLANG_WARN_OBJC_IMPLICIT_RETAIN_SELF = YES;
				CLANG_WARN_OBJC_LITERAL_CONVERSION = YES;
				CLANG_WARN_OBJC_ROOT_CLASS = YES_ERROR;
				CLANG_WARN_QUOTED_INCLUDE_IN_FRAMEWORK_HEADER = YES;
				CLANG_WARN_RANGE_LOOP_ANALYSIS = YES;
				CLANG_WARN_STRICT_PROTOTYPES = YES;
				CLANG_WARN_SUSPICIOUS_MOVE = YES;
				CLANG_WARN_UNGUARDED_AVAILABILITY = YES_AGGRESSIVE;
				CLANG_WARN_UNREACHABLE_CODE = YES;
				CLANG_WARN__DUPLICATE_METHOD_MATCH = YES;
				COPY_PHASE_STRIP = NO;
				DEBUG_INFORMATION_FORMAT = dwarf;
				ENABLE_STRICT_OBJC_MSGSEND = YES;
				ENABLE_TESTABILITY = YES;
				ENABLE_USER_SCRIPT_SANDBOXING = YES;
				GCC_C_LANGUAGE_STANDARD = gnu17;
				GCC_DYNAMIC_NO_PIC = NO;
				GCC_NO_COMMON_BLOCKS = YES;
				GCC_OPTIMIZATION_LEVEL = 0;
				GCC_PREPROCESSOR_DEFINITIONS = (
					"DEBUG=1",
					"$(inherited)",
				);
				GCC_WARN_64_TO_32_BIT_CONVERSION = YES;
				GCC_WARN_ABOUT_RETURN_TYPE = YES_ERROR;
				GCC_WARN_UNDECLARED_SELECTOR = YES;
				GCC_WARN_UNINITIALIZED_AUTOS = YES_AGGRESSIVE;
				GCC_WARN_UNUSED_FUNCTION = YES;
				GCC_WARN_UNUSED_VARIABLE = YES;
				IPHONEOS_DEPLOYMENT_TARGET = 17.5;
				LOCALIZATION_PREFERS_STRING_CATALOGS = YES;
				MTL_ENABLE_DEBUG_INFO = INCLUDE_SOURCE;
				MTL_FAST_MATH = YES;
				ONLY_ACTIVE_ARCH = YES;
				SDKROOT = iphoneos;
				SWIFT_ACTIVE_COMPILATION_CONDITIONS = "DEBUG $(inherited)";
				SWIFT_OPTIMIZATION_LEVEL = "-Onone";
			};
			name = Debug;
		};
		F0BF67A22C2A01B000F8A376 /* Release */ = {
			isa = XCBuildConfiguration;
			buildSettings = {
				ALWAYS_SEARCH_USER_PATHS = NO;
				ASSETCATALOG_COMPILER_GENERATE_SWIFT_ASSET_SYMBOL_EXTENSIONS = YES;
				CLANG_ANALYZER_LOCALIZABILITY_NONLOCALIZED = YES;
				CLANG_ANALYZER_NONNULL = YES;
				CLANG_ANALYZER_NUMBER_OBJECT_CONVERSION = YES_AGGRESSIVE;
				CLANG_CXX_LANGUAGE_STANDARD = "gnu++20";
				CLANG_ENABLE_MODULES = YES;
				CLANG_ENABLE_OBJC_ARC = YES;
				CLANG_ENABLE_OBJC_WEAK = YES;
				CLANG_WARN_BLOCK_CAPTURE_AUTORELEASING = YES;
				CLANG_WARN_BOOL_CONVERSION = YES;
				CLANG_WARN_COMMA = YES;
				CLANG_WARN_CONSTANT_CONVERSION = YES;
				CLANG_WARN_DEPRECATED_OBJC_IMPLEMENTATIONS = YES;
				CLANG_WARN_DIRECT_OBJC_ISA_USAGE = YES_ERROR;
				CLANG_WARN_DOCUMENTATION_COMMENTS = YES;
				CLANG_WARN_EMPTY_BODY = YES;
				CLANG_WARN_ENUM_CONVERSION = YES;
				CLANG_WARN_INFINITE_RECURSION = YES;
				CLANG_WARN_INT_CONVERSION = YES;
				CLANG_WARN_NON_LITERAL_NULL_CONVERSION = YES;
				CLANG_WARN_OBJC_IMPLICIT_RETAIN_SELF = YES;
				CLANG_WARN_OBJC_LITERAL_CONVERSION = YES;
				CLANG_WARN_OBJC_ROOT_CLASS = YES_ERROR;
				CLANG_WARN_QUOTED_INCLUDE_IN_FRAMEWORK_HEADER = YES;
				CLANG_WARN_RANGE_LOOP_ANALYSIS = YES;
				CLANG_WARN_STRICT_PROTOTYPES = YES;
				CLANG_WARN_SUSPICIOUS_MOVE = YES;
				CLANG_WARN_UNGUARDED_AVAILABILITY = YES_AGGRESSIVE;
				CLANG_WARN_UNREACHABLE_CODE = YES;
				CLANG_WARN__DUPLICATE_METHOD_MATCH = YES;
				COPY_PHASE_STRIP = NO;
				DEBUG_INFORMATION_FORMAT = "dwarf-with-dsym";
				ENABLE_NS_ASSERTIONS = NO;
				ENABLE_STRICT_OBJC_MSGSEND = YES;
				ENABLE_USER_SCRIPT_SANDBOXING = YES;
				GCC_C_LANGUAGE_STANDARD = gnu17;
				GCC_NO_COMMON_BLOCKS = YES;
				GCC_WARN_64_TO_32_BIT_CONVERSION = YES;
				GCC_WARN_ABOUT_RETURN_TYPE = YES_ERROR;
				GCC_WARN_UNDECLARED_SELECTOR = YES;
				GCC_WARN_UNINITIALIZED_AUTOS = YES_AGGRESSIVE;
				GCC_WARN_UNUSED_FUNCTION = YES;
				GCC_WARN_UNUSED_VARIABLE = YES;
				IPHONEOS_DEPLOYMENT_TARGET = 17.5;
				LOCALIZATION_PREFERS_STRING_CATALOGS = YES;
				MTL_ENABLE_DEBUG_INFO = NO;
				MTL_FAST_MATH = YES;
				SDKROOT = iphoneos;
				SWIFT_COMPILATION_MODE = wholemodule;
				VALIDATE_PRODUCT = YES;
			};
			name = Release;
		};
		F0BF67A42C2A01B000F8A376 /* Debug */ = {
			isa = XCBuildConfiguration;
			buildSettings = {
				ASSETCATALOG_COMPILER_APPICON_NAME = AppIcon;
				ASSETCATALOG_COMPILER_GLOBAL_ACCENT_COLOR_NAME = AccentColor;
				CODE_SIGN_ENTITLEMENTS = "Mission Prospector/Mission Prospector.entitlements";
				CODE_SIGN_STYLE = Automatic;
				CURRENT_PROJECT_VERSION = 1;
				DEVELOPMENT_ASSET_PATHS = "\"Mission Prospector/Preview Content\"";
				DEVELOPMENT_TEAM = S47Y9QMPN2;
				ENABLE_PREVIEWS = YES;
				GENERATE_INFOPLIST_FILE = YES;
				INFOPLIST_FILE = "Mission-Prospector-Info.plist";
				INFOPLIST_KEY_NSContactsUsageDescription = "L'application demande l'accès aux contacts";
				INFOPLIST_KEY_UIApplicationSceneManifest_Generation = YES;
				INFOPLIST_KEY_UIApplicationSupportsIndirectInputEvents = YES;
				INFOPLIST_KEY_UILaunchScreen_Generation = YES;
				INFOPLIST_KEY_UISupportedInterfaceOrientations = "UIInterfaceOrientationLandscapeLeft UIInterfaceOrientationLandscapeRight UIInterfaceOrientationPortrait";
				INFOPLIST_KEY_UISupportedInterfaceOrientations_iPad = "UIInterfaceOrientationLandscapeLeft UIInterfaceOrientationLandscapeRight";
				LD_RUNPATH_SEARCH_PATHS = (
					"$(inherited)",
					"@executable_path/Frameworks",
				);
				MARKETING_VERSION = 1.0;
				PRODUCT_BUNDLE_IDENTIFIER = "fr.gdtr.Mission-Prospector";
				PRODUCT_NAME = "$(TARGET_NAME)";
				SWIFT_EMIT_LOC_STRINGS = YES;
				SWIFT_VERSION = 5.0;
				TARGETED_DEVICE_FAMILY = "1,2";
			};
			name = Debug;
		};
		F0BF67A52C2A01B000F8A376 /* Release */ = {
			isa = XCBuildConfiguration;
			buildSettings = {
				ASSETCATALOG_COMPILER_APPICON_NAME = AppIcon;
				ASSETCATALOG_COMPILER_GLOBAL_ACCENT_COLOR_NAME = AccentColor;
				CODE_SIGN_ENTITLEMENTS = "Mission Prospector/Mission Prospector.entitlements";
				CODE_SIGN_STYLE = Automatic;
				CURRENT_PROJECT_VERSION = 1;
				DEVELOPMENT_ASSET_PATHS = "\"Mission Prospector/Preview Content\"";
				DEVELOPMENT_TEAM = S47Y9QMPN2;
				ENABLE_PREVIEWS = YES;
				GENERATE_INFOPLIST_FILE = YES;
				INFOPLIST_FILE = "Mission-Prospector-Info.plist";
				INFOPLIST_KEY_NSContactsUsageDescription = "L'application demande l'accès aux contacts";
				INFOPLIST_KEY_UIApplicationSceneManifest_Generation = YES;
				INFOPLIST_KEY_UIApplicationSupportsIndirectInputEvents = YES;
				INFOPLIST_KEY_UILaunchScreen_Generation = YES;
				INFOPLIST_KEY_UISupportedInterfaceOrientations = "UIInterfaceOrientationLandscapeLeft UIInterfaceOrientationLandscapeRight UIInterfaceOrientationPortrait";
				INFOPLIST_KEY_UISupportedInterfaceOrientations_iPad = "UIInterfaceOrientationLandscapeLeft UIInterfaceOrientationLandscapeRight";
				LD_RUNPATH_SEARCH_PATHS = (
					"$(inherited)",
					"@executable_path/Frameworks",
				);
				MARKETING_VERSION = 1.0;
				PRODUCT_BUNDLE_IDENTIFIER = "fr.gdtr.Mission-Prospector";
				PRODUCT_NAME = "$(TARGET_NAME)";
				SWIFT_EMIT_LOC_STRINGS = YES;
				SWIFT_VERSION = 5.0;
				TARGETED_DEVICE_FAMILY = "1,2";
			};
			name = Release;
		};
/* End XCBuildConfiguration section */

/* Begin XCConfigurationList section */
		F0BF67902C2A01AE00F8A376 /* Build configuration list for PBXProject "Mission Prospector" */ = {
			isa = XCConfigurationList;
			buildConfigurations = (
				F0BF67A12C2A01B000F8A376 /* Debug */,
				F0BF67A22C2A01B000F8A376 /* Release */,
			);
			defaultConfigurationIsVisible = 0;
			defaultConfigurationName = Release;
		};
		F0BF67A32C2A01B000F8A376 /* Build configuration list for PBXNativeTarget "Mission Prospector" */ = {
			isa = XCConfigurationList;
			buildConfigurations = (
				F0BF67A42C2A01B000F8A376 /* Debug */,
				F0BF67A52C2A01B000F8A376 /* Release */,
			);
			defaultConfigurationIsVisible = 0;
			defaultConfigurationName = Release;
		};
/* End XCConfigurationList section */

/* Begin XCVersionGroup section */
		F0BF67AA2C2A03E000F8A376 /* Society.xcdatamodeld */ = {
			isa = XCVersionGroup;
			children = (
				F0BF67AB2C2A03E000F8A376 /* Society.xcdatamodel */,
			);
			currentVersion = F0BF67AB2C2A03E000F8A376 /* Society.xcdatamodel */;
			name = Society.xcdatamodeld;
			path = "/Users/guillaume/Developer/Mission-Prospector/Mission Prospector/Mission Prospector/Society.xcdatamodeld";
			sourceTree = "<group>";
			versionGroupType = wrapper.xcdatamodel;
		};
/* End XCVersionGroup section */
	};
	rootObject = F0BF678D2C2A01AE00F8A376 /* Project object */;
}
